
Microsoft Visual Studio Solution File, Format Version 12.00
# Visual Studio Version 16
VisualStudioVersion = 16.0.31129.286
MinimumVisualStudioVersion = 10.0.40219.1
Project("{FAE04EC0-301F-11D3-BF4B-00C04F79EFBC}") = "PaymentAPI", "PaymentAPI\PaymentAPI.csproj", "{159A2C8F-670B-4C59-93A3-9E1D8572AB01}"
EndProject
Global
	GlobalSection(SolutionConfigurationPlatforms) = preSolution
		Debug|Any CPU = Debug|Any CPU
		Release|Any CPU = Release|Any CPU
	EndGlobalSection
	GlobalSection(ProjectConfigurationPlatforms) = postSolution
		{159A2C8F-670B-4C59-93A3-9E1D8572AB01}.Debug|Any CPU.ActiveCfg = Debug|Any CPU
		{159A2C8F-670B-4C59-93A3-9E1D8572AB01}.Debug|Any CPU.Build.0 = Debug|Any CPU
		{159A2C8F-670B-4C59-93A3-9E1D8572AB01}.Release|Any CPU.ActiveCfg = Release|Any CPU
		{159A2C8F-670B-4C59-93A3-9E1D8572AB01}.Release|Any CPU.Build.0 = Release|Any CPU
	EndGlobalSection
	GlobalSection(SolutionProperties) = preSolution
		HideSolutionNode = FALSE
	EndGlobalSection
	GlobalSection(ExtensibilityGlobals) = postSolution
		SolutionGuid = {8CBD46E4-EF5F-463B-BF63-BA7A59600A33}
	EndGlobalSection
EndGlobal
